
Microsoft Visual Studio Solution File, Format Version 10.00
# Visual Studio 2008
Project("{FAE04EC0-301F-11D3-BF4B-00C04F79EFBC}") = "HelloGit", "HelloGit\HelloGit.csproj", "{268FF9EC-0AC4-4EAB-B1BE-AC3AFA46924A}"
EndProject
Global
	GlobalSection(SolutionConfigurationPlatforms) = preSolution
		Debug|Any CPU = Debug|Any CPU
		Release|Any CPU = Release|Any CPU
	EndGlobalSection
	GlobalSection(ProjectConfigurationPlatforms) = postSolution
		{268FF9EC-0AC4-4EAB-B1BE-AC3AFA46924A}.Debug|Any CPU.ActiveCfg = Debug|Any CPU
		{268FF9EC-0AC4-4EAB-B1BE-AC3AFA46924A}.Debug|Any CPU.Build.0 = Debug|Any CPU
		{268FF9EC-0AC4-4EAB-B1BE-AC3AFA46924A}.Release|Any CPU.ActiveCfg = Release|Any CPU
		{268FF9EC-0AC4-4EAB-B1BE-AC3AFA46924A}.Release|Any CPU.Build.0 = Release|Any CPU
	EndGlobalSection
	GlobalSection(SolutionProperties) = preSolution
		HideSolutionNode = FALSE
	EndGlobalSection
EndGlobal
